// !$*UTF8*$!
{
	archiveVersion = 1;
	classes = {
	};
	objectVersion = 46;
	objects = {

/* Begin PBXBuildFile section */
		8E4710BD1A5BE2C5002226E0 /* main.m in Sources */ = {isa = PBXBuildFile; fileRef = 8E4710BC1A5BE2C5002226E0 /* main.m */; };
		8E4710C01A5BE2C5002226E0 /* AppDelegate.m in Sources */ = {isa = PBXBuildFile; fileRef = 8E4710BF1A5BE2C5002226E0 /* AppDelegate.m */; };
		8E4710C31A5BE2C5002226E0 /* NetworkRequestDemo.xcdatamodeld in Sources */ = {isa = PBXBuildFile; fileRef = 8E4710C11A5BE2C5002226E0 /* NetworkRequestDemo.xcdatamodeld */; };
		8E4710C61A5BE2C5002226E0 /* ViewController.m in Sources */ = {isa = PBXBuildFile; fileRef = 8E4710C51A5BE2C5002226E0 /* ViewController.m */; };
		8E4710C91A5BE2C6002226E0 /* Main.storyboard in Resources */ = {isa = PBXBuildFile; fileRef = 8E4710C71A5BE2C6002226E0 /* Main.storyboard */; };
		8E4710CB1A5BE2C6002226E0 /* Images.xcassets in Resources */ = {isa = PBXBuildFile; fileRef = 8E4710CA1A5BE2C6002226E0 /* Images.xcassets */; };
		8E4710CE1A5BE2C6002226E0 /* LaunchScreen.xib in Resources */ = {isa = PBXBuildFile; fileRef = 8E4710CC1A5BE2C6002226E0 /* LaunchScreen.xib */; };
		8E4710DA1A5BE2C6002226E0 /* NetworkRequestDemoTests.m in Sources */ = {isa = PBXBuildFile; fileRef = 8E4710D91A5BE2C6002226E0 /* NetworkRequestDemoTests.m */; };
/* End PBXBuildFile section */

/* Begin PBXContainerItemProxy section */
		8E4710D41A5BE2C6002226E0 /* PBXContainerItemProxy */ = {
			isa = PBXContainerItemProxy;
			containerPortal = 8E4710AF1A5BE2C5002226E0 /* Project object */;
			proxyType = 1;
			remoteGlobalIDString = 8E4710B61A5BE2C5002226E0;
			remoteInfo = NetworkRequestDemo;
		};
/* End PBXContainerItemProxy section */

/* Begin PBXFileReference section */
		8E4710B71A5BE2C5002226E0 /* NetworkRequestDemo.app */ = {isa = PBXFileReference; explicitFileType = wrapper.application; includeInIndex = 0; path = NetworkRequestDemo.app; sourceTree = BUILT_PRODUCTS_DIR; };
		8E4710BB1A5BE2C5002226E0 /* Info.plist */ = {isa = PBXFileReference; lastKnownFileType = text.plist.xml; path = Info.plist; sourceTree = "<group>"; };
		8E4710BC1A5BE2C5002226E0 /* main.m */ = {isa = PBXFileReference; lastKnownFileType = sourcecode.c.objc; path = main.m; sourceTree = "<group>"; };
		8E4710BE1A5BE2C5002226E0 /* AppDelegate.h */ = {isa = PBXFileReference; lastKnownFileType = sourcecode.c.h; path = AppDelegate.h; sourceTree = "<group>"; };
		8E4710BF1A5BE2C5002226E0 /* AppDelegate.m */ = {isa = PBXFileReference; lastKnownFileType = sourcecode.c.objc; path = AppDelegate.m; sourceTree = "<group>"; };
		8E4710C21A5BE2C5002226E0 /* NetworkRequestDemo.xcdatamodel */ = {isa = PBXFileReference; lastKnownFileType = wrapper.xcdatamodel; path = NetworkRequestDemo.xcdatamodel; sourceTree = "<group>"; };
		8E4710C41A5BE2C5002226E0 /* ViewController.h */ = {isa = PBXFileReference; lastKnownFileType = sourcecode.c.h; path = ViewController.h; sourceTree = "<group>"; };
		8E4710C51A5BE2C5002226E0 /* ViewController.m */ = {isa = PBXFileReference; lastKnownFileType = sourcecode.c.objc; path = ViewController.m; sourceTree = "<group>"; };
		8E4710C81A5BE2C6002226E0 /* Base */ = {isa = PBXFileReference; lastKnownFileType = file.storyboard; name = Base; path = Base.lproj/Main.storyboard; sourceTree = "<group>"; };
		8E4710CA1A5BE2C6002226E0 /* Images.xcassets */ = {isa = PBXFileReference; lastKnownFileType = folder.assetcatalog; path = Images.xcassets; sourceTree = "<group>"; };
		8E4710CD1A5BE2C6002226E0 /* Base */ = {isa = PBXFileReference; lastKnownFileType = file.xib; name = Base; path = Base.lproj/LaunchScreen.xib; sourceTree = "<group>"; };
		8E4710D31A5BE2C6002226E0 /* NetworkRequestDemoTests.xctest */ = {isa = PBXFileReference; explicitFileType = wrapper.cfbundle; includeInIndex = 0; path = NetworkRequestDemoTests.xctest; sourceTree = BUILT_PRODUCTS_DIR; };
		8E4710D81A5BE2C6002226E0 /* Info.plist */ = {isa = PBXFileReference; lastKnownFileType = text.plist.xml; path = Info.plist; sourceTree = "<group>"; };
		8E4710D91A5BE2C6002226E0 /* NetworkRequestDemoTests.m */ = {isa = PBXFileReference; lastKnownFileType = sourcecode.c.objc; path = NetworkRequestDemoTests.m; sourceTree = "<group>"; };
/* End PBXFileReference section */

/* Begin PBXFrameworksBuildPhase section */
		8E4710B41A5BE2C5002226E0 /* Frameworks */ = {
			isa = PBXFrameworksBuildPhase;
			buildActionMask = 2147483647;
			files = (
			);
			runOnlyForDeploymentPostprocessing = 0;
		};
		8E4710D01A5BE2C6002226E0 /* Frameworks */ = {
			isa = PBXFrameworksBuildPhase;
			buildActionMask = 2147483647;
			files = (
			);
			runOnlyForDeploymentPostprocessing = 0;
		};
/* End PBXFrameworksBuildPhase section */

/* Begin PBXGroup section */
		8E4710AE1A5BE2C5002226E0 = {
			isa = PBXGroup;
			children = (
				8E4710B91A5BE2C5002226E0 /* NetworkRequestDemo */,
				8E4710D61A5BE2C6002226E0 /* NetworkRequestDemoTests */,
				8E4710B81A5BE2C5002226E0 /* Products */,
			);
			sourceTree = "<group>";
		};
		8E4710B81A5BE2C5002226E0 /* Products */ = {
			isa = PBXGroup;
			children = (
				8E4710B71A5BE2C5002226E0 /* NetworkRequestDemo.app */,
				8E4710D31A5BE2C6002226E0 /* NetworkRequestDemoTests.xctest */,
			);
			name = Products;
			sourceTree = "<group>";
		};
		8E4710B91A5BE2C5002226E0 /* NetworkRequestDemo */ = {
			isa = PBXGroup;
			children = (
				8E4710BE1A5BE2C5002226E0 /* AppDelegate.h */,
				8E4710BF1A5BE2C5002226E0 /* AppDelegate.m */,
				8E4710C41A5BE2C5002226E0 /* ViewController.h */,
				8E4710C51A5BE2C5002226E0 /* ViewController.m */,
				8E4710C71A5BE2C6002226E0 /* Main.storyboard */,
				8E4710CA1A5BE2C6002226E0 /* Images.xcassets */,
				8E4710CC1A5BE2C6002226E0 /* LaunchScreen.xib */,
				8E4710C11A5BE2C5002226E0 /* NetworkRequestDemo.xcdatamodeld */,
				8E4710BA1A5BE2C5002226E0 /* Supporting Files */,
			);
			path = NetworkRequestDemo;
			sourceTree = "<group>";
		};
		8E4710BA1A5BE2C5002226E0 /* Supporting Files */ = {
			isa = PBXGroup;
			children = (
				8E4710BB1A5BE2C5002226E0 /* Info.plist */,
				8E4710BC1A5BE2C5002226E0 /* main.m */,
			);
			name = "Supporting Files";
			sourceTree = "<group>";
		};
		8E4710D61A5BE2C6002226E0 /* NetworkRequestDemoTests */ = {
			isa = PBXGroup;
			children = (
				8E4710D91A5BE2C6002226E0 /* NetworkRequestDemoTests.m */,
				8E4710D71A5BE2C6002226E0 /* Supporting Files */,
			);
			path = NetworkRequestDemoTests;
			sourceTree = "<group>";
		};
		8E4710D71A5BE2C6002226E0 /* Supporting Files */ = {
			isa = PBXGroup;
			children = (
				8E4710D81A5BE2C6002226E0 /* Info.plist */,
			);
			name = "Supporting Files";
			sourceTree = "<group>";
		};
/* End PBXGroup section */

/* Begin PBXNativeTarget section */
		8E4710B61A5BE2C5002226E0 /* NetworkRequestDemo */ = {
			isa = PBXNativeTarget;
			buildConfigurationList = 8E4710DD1A5BE2C6002226E0 /* Build configuration list for PBXNativeTarget "NetworkRequestDemo" */;
			buildPhases = (
				8E4710B31A5BE2C5002226E0 /* Sources */,
				8E4710B41A5BE2C5002226E0 /* Frameworks */,
				8E4710B51A5BE2C5002226E0 /* Resources */,
			);
			buildRules = (
			);
			dependencies = (
			);
			name = NetworkRequestDemo;
			productName = NetworkRequestDemo;
			productReference = 8E4710B71A5BE2C5002226E0 /* NetworkRequestDemo.app */;
			productType = "com.apple.product-type.application";
		};
		8E4710D21A5BE2C6002226E0 /* NetworkRequestDemoTests */ = {
			isa = PBXNativeTarget;
			buildConfigurationList = 8E4710E01A5BE2C6002226E0 /* Build configuration list for PBXNativeTarget "NetworkRequestDemoTests" */;
			buildPhases = (
				8E4710CF1A5BE2C6002226E0 /* Sources */,
				8E4710D01A5BE2C6002226E0 /* Frameworks */,
				8E4710D11A5BE2C6002226E0 /* Resources */,
			);
			buildRules = (
			);
			dependencies = (
				8E4710D51A5BE2C6002226E0 /* PBXTargetDependency */,
			);
			name = NetworkRequestDemoTests;
			productName = NetworkRequestDemoTests;
			productReference = 8E4710D31A5BE2C6002226E0 /* NetworkRequestDemoTests.xctest */;
			productType = "com.apple.product-type.bundle.unit-test";
		};
/* End PBXNativeTarget section */

/* Begin PBXProject section */
		8E4710AF1A5BE2C5002226E0 /* Project object */ = {
			isa = PBXProject;
			attributes = {
				LastUpgradeCheck = 0610;
				ORGANIZATIONNAME = WeiPengwei;
				TargetAttributes = {
					8E4710B61A5BE2C5002226E0 = {
						CreatedOnToolsVersion = 6.1.1;
					};
					8E4710D21A5BE2C6002226E0 = {
						CreatedOnToolsVersion = 6.1.1;
						TestTargetID = 8E4710B61A5BE2C5002226E0;
					};
				};
			};
			buildConfigurationList = 8E4710B21A5BE2C5002226E0 /* Build configuration list for PBXProject "NetworkRequestDemo" */;
			compatibilityVersion = "Xcode 3.2";
			developmentRegion = English;
			hasScannedForEncodings = 0;
			knownRegions = (
				en,
				Base,
			);
			mainGroup = 8E4710AE1A5BE2C5002226E0;
			productRefGroup = 8E4710B81A5BE2C5002226E0 /* Products */;
			projectDirPath = "";
			projectRoot = "";
			targets = (
				8E4710B61A5BE2C5002226E0 /* NetworkRequestDemo */,
				8E4710D21A5BE2C6002226E0 /* NetworkRequestDemoTests */,
			);
		};
/* End PBXProject section */

/* Begin PBXResourcesBuildPhase section */
		8E4710B51A5BE2C5002226E0 /* Resources */ = {
			isa = PBXResourcesBuildPhase;
			buildActionMask = 2147483647;
			files = (
				8E4710C91A5BE2C6002226E0 /* Main.storyboard in Resources */,
				8E4710CE1A5BE2C6002226E0 /* LaunchScreen.xib in Resources */,
				8E4710CB1A5BE2C6002226E0 /* Images.xcassets in Resources */,
			);
			runOnlyForDeploymentPostprocessing = 0;
		};
		8E4710D11A5BE2C6002226E0 /* Resources */ = {
			isa = PBXResourcesBuildPhase;
			buildActionMask = 2147483647;
			files = (
			);
			runOnlyForDeploymentPostprocessing = 0;
		};
/* End PBXResourcesBuildPhase section */

/* Begin PBXSourcesBuildPhase section */
		8E4710B31A5BE2C5002226E0 /* Sources */ = {
			isa = PBXSourcesBuildPhase;
			buildActionMask = 2147483647;
			files = (
				8E4710C01A5BE2C5002226E0 /* AppDelegate.m in Sources */,
				8E4710BD1A5BE2C5002226E0 /* main.m in Sources */,
				8E4710C61A5BE2C5002226E0 /* ViewController.m in Sources */,
				8E4710C31A5BE2C5002226E0 /* NetworkRequestDemo.xcdatamodeld in Sources */,
			);
			runOnlyForDeploymentPostprocessing = 0;
		};
		8E4710CF1A5BE2C6002226E0 /* Sources */ = {
			isa = PBXSourcesBuildPhase;
			buildActionMask = 2147483647;
			files = (
				8E4710DA1A5BE2C6002226E0 /* NetworkRequestDemoTests.m in Sources */,
			);
			runOnlyForDeploymentPostprocessing = 0;
		};
/* End PBXSourcesBuildPhase section */

/* Begin PBXTargetDependency section */
		8E4710D51A5BE2C6002226E0 /* PBXTargetDependency */ = {
			isa = PBXTargetDependency;
			target = 8E4710B61A5BE2C5002226E0 /* NetworkRequestDemo */;
			targetProxy = 8E4710D41A5BE2C6002226E0 /* PBXContainerItemProxy */;
		};
/* End PBXTargetDependency section */

/* Begin PBXVariantGroup section */
		8E4710C71A5BE2C6002226E0 /* Main.storyboard */ = {
			isa = PBXVariantGroup;
			children = (
				8E4710C81A5BE2C6002226E0 /* Base */,
			);
			name = Main.storyboard;
			sourceTree = "<group>";
		};
		8E4710CC1A5BE2C6002226E0 /* LaunchScreen.xib */ = {
			isa = PBXVariantGroup;
			children = (
				8E4710CD1A5BE2C6002226E0 /* Base */,
			);
			name = LaunchScreen.xib;
			sourceTree = "<group>";
		};
/* End PBXVariantGroup section */

/* Begin XCBuildConfiguration section */
		8E4710DB1A5BE2C6002226E0 /* Debug */ = {
			isa = XCBuildConfiguration;
			buildSettings = {
				ALWAYS_SEARCH_USER_PATHS = NO;
				CLANG_CXX_LANGUAGE_STANDARD = "gnu++0x";
				CLANG_CXX_LIBRARY = "libc++";
				CLANG_ENABLE_MODULES = YES;
				CLANG_ENABLE_OBJC_ARC = YES;
				CLANG_WARN_BOOL_CONVERSION = YES;
				CLANG_WARN_CONSTANT_CONVERSION = YES;
				CLANG_WARN_DIRECT_OBJC_ISA_USAGE = YES_ERROR;
				CLANG_WARN_EMPTY_BODY = YES;
				CLANG_WARN_ENUM_CONVERSION = YES;
				CLANG_WARN_INT_CONVERSION = YES;
				CLANG_WARN_OBJC_ROOT_CLASS = YES_ERROR;
				CLANG_WARN_UNREACHABLE_CODE = YES;
				CLANG_WARN__DUPLICATE_METHOD_MATCH = YES;
				"CODE_SIGN_IDENTITY[sdk=iphoneos*]" = "iPhone Developer";
				COPY_PHASE_STRIP = NO;
				ENABLE_STRICT_OBJC_MSGSEND = YES;
				GCC_C_LANGUAGE_STANDARD = gnu99;
				GCC_DYNAMIC_NO_PIC = NO;
				GCC_OPTIMIZATION_LEVEL = 0;
				GCC_PREPROCESSOR_DEFINITIONS = (
					"DEBUG=1",
					"$(inherited)",
				);
				GCC_SYMBOLS_PRIVATE_EXTERN = NO;
				GCC_WARN_64_TO_32_BIT_CONVERSION = YES;
				GCC_WARN_ABOUT_RETURN_TYPE = YES_ERROR;
				GCC_WARN_UNDECLARED_SELECTOR = YES;
				GCC_WARN_UNINITIALIZED_AUTOS = YES_AGGRESSIVE;
				GCC_WARN_UNUSED_FUNCTION = YES;
				GCC_WARN_UNUSED_VARIABLE = YES;
				IPHONEOS_DEPLOYMENT_TARGET = 8.1;
				MTL_ENABLE_DEBUG_INFO = YES;
				ONLY_ACTIVE_ARCH = YES;
				SDKROOT = iphoneos;
			};
			name = Debug;
		};
		8E4710DC1A5BE2C6002226E0 /* Release */ = {
			isa = XCBuildConfiguration;
			buildSettings = {
				ALWAYS_SEARCH_USER_PATHS = NO;
				CLANG_CXX_LANGUAGE_STANDARD = "gnu++0x";
				CLANG_CXX_LIBRARY = "libc++";
				CLANG_ENABLE_MODULES = YES;
				CLANG_ENABLE_OBJC_ARC = YES;
				CLANG_WARN_BOOL_CONVERSION = YES;
				CLANG_WARN_CONSTANT_CONVERSION = YES;
				CLANG_WARN_DIRECT_OBJC_ISA_USAGE = YES_ERROR;
				CLANG_WARN_EMPTY_BODY = YES;
				CLANG_WARN_ENUM_CONVERSION = YES;
				CLANG_WARN_INT_CONVERSION = YES;
				CLANG_WARN_OBJC_ROOT_CLASS = YES_ERROR;
				CLANG_WARN_UNREACHABLE_CODE = YES;
				CLANG_WARN__DUPLICATE_METHOD_MATCH = YES;
				"CODE_SIGN_IDENTITY[sdk=iphoneos*]" = "iPhone Developer";
				COPY_PHASE_STRIP = YES;
				ENABLE_NS_ASSERTIONS = NO;
				ENABLE_STRICT_OBJC_MSGSEND = YES;
				GCC_C_LANGUAGE_STANDARD = gnu99;
				GCC_WARN_64_TO_32_BIT_CONVERSION = YES;
				GCC_WARN_ABOUT_RETURN_TYPE = YES_ERROR;
				GCC_WARN_UNDECLARED_SELECTOR = YES;
				GCC_WARN_UNINITIALIZED_AUTOS = YES_AGGRESSIVE;
				GCC_WARN_UNUSED_FUNCTION = YES;
				GCC_WARN_UNUSED_VARIABLE = YES;
				IPHONEOS_DEPLOYMENT_TARGET = 8.1;
				MTL_ENABLE_DEBUG_INFO = NO;
				SDKROOT = iphoneos;
				VALIDATE_PRODUCT = YES;
			};
			name = Release;
		};
		8E4710DE1A5BE2C6002226E0 /* Debug */ = {
			isa = XCBuildConfiguration;
			buildSettings = {
				ASSETCATALOG_COMPILER_APPICON_NAME = AppIcon;
				INFOPLIST_FILE = NetworkRequestDemo/Info.plist;
				LD_RUNPATH_SEARCH_PATHS = "$(inherited) @executable_path/Frameworks";
				PRODUCT_NAME = "$(TARGET_NAME)";
			};
			name = Debug;
		};
		8E4710DF1A5BE2C6002226E0 /* Release */ = {
			isa = XCBuildConfiguration;
			buildSettings = {
				ASSETCATALOG_COMPILER_APPICON_NAME = AppIcon;
				INFOPLIST_FILE = NetworkRequestDemo/Info.plist;
				LD_RUNPATH_SEARCH_PATHS = "$(inherited) @executable_path/Frameworks";
				PRODUCT_NAME = "$(TARGET_NAME)";
			};
			name = Release;
		};
		8E4710E11A5BE2C6002226E0 /* Debug */ = {
			isa = XCBuildConfiguration;
			buildSettings = {
				BUNDLE_LOADER = "$(TEST_HOST)";
				FRAMEWORK_SEARCH_PATHS = (
					"$(SDKROOT)/Developer/Library/Frameworks",
					"$(inherited)",
				);
				GCC_PREPROCESSOR_DEFINITIONS = (
					"DEBUG=1",
					"$(inherited)",
				);
				INFOPLIST_FILE = NetworkRequestDemoTests/Info.plist;
				LD_RUNPATH_SEARCH_PATHS = "$(inherited) @executable_path/Frameworks @loader_path/Frameworks";
				PRODUCT_NAME = "$(TARGET_NAME)";
				TEST_HOST = "$(BUILT_PRODUCTS_DIR)/NetworkRequestDemo.app/NetworkRequestDemo";
			};
			name = Debug;
		};
		8E4710E21A5BE2C6002226E0 /* Release */ = {
			isa = XCBuildConfiguration;
			buildSettings = {
				BUNDLE_LOADER = "$(TEST_HOST)";
				FRAMEWORK_SEARCH_PATHS = (
					"$(SDKROOT)/Developer/Library/Frameworks",
					"$(inherited)",
				);
				INFOPLIST_FILE = NetworkRequestDemoTests/Info.plist;
				LD_RUNPATH_SEARCH_PATHS = "$(inherited) @executable_path/Frameworks @loader_path/Frameworks";
				PRODUCT_NAME = "$(TARGET_NAME)";
				TEST_HOST = "$(BUILT_PRODUCTS_DIR)/NetworkRequestDemo.app/NetworkRequestDemo";
			};
			name = Release;
		};
/* End XCBuildConfiguration section */

/* Begin XCConfigurationList section */
		8E4710B21A5BE2C5002226E0 /* Build configuration list for PBXProject "NetworkRequestDemo" */ = {
			isa = XCConfigurationList;
			buildConfigurations = (
				8E4710DB1A5BE2C6002226E0 /* Debug */,
				8E4710DC1A5BE2C6002226E0 /* Release */,
			);
			defaultConfigurationIsVisible = 0;
			defaultConfigurationName = Release;
		};
		8E4710DD1A5BE2C6002226E0 /* Build configuration list for PBXNativeTarget "NetworkRequestDemo" */ = {
			isa = XCConfigurationList;
			buildConfigurations = (
				8E4710DE1A5BE2C6002226E0 /* Debug */,
				8E4710DF1A5BE2C6002226E0 /* Release */,
			);
			defaultConfigurationIsVisible = 0;
		};
		8E4710E01A5BE2C6002226E0 /* Build configuration list for PBXNativeTarget "NetworkRequestDemoTests" */ = {
			isa = XCConfigurationList;
			buildConfigurations = (
				8E4710E11A5BE2C6002226E0 /* Debug */,
				8E4710E21A5BE2C6002226E0 /* Release */,
			);
			defaultConfigurationIsVisible = 0;
		};
/* End XCConfigurationList section */

/* Begin XCVersionGroup section */
		8E4710C11A5BE2C5002226E0 /* NetworkRequestDemo.xcdatamodeld */ = {
			isa = XCVersionGroup;
			children = (
				8E4710C21A5BE2C5002226E0 /* NetworkRequestDemo.xcdatamodel */,
			);
			currentVersion = 8E4710C21A5BE2C5002226E0 /* NetworkRequestDemo.xcdatamodel */;
			path = NetworkRequestDemo.xcdatamodeld;
			sourceTree = "<group>";
			versionGroupType = wrapper.xcdatamodel;
		};
/* End XCVersionGroup section */
	};
	rootObject = 8E4710AF1A5BE2C5002226E0 /* Project object */;
}
